{
  "name": "elo-bins-table-demo-app",
  "version": "1.0.0",
  "lockfileVersion": 1,
  "requires": true,
  "dependencies": {
    "json-to-table": {
      "version": "4.0.0",
      "resolved": "https://registry.npmjs.org/json-to-table/-/json-to-table-4.0.0.tgz",
      "integrity": "sha1-y8+g4GrKCuPfKXvE+HDlHabE0qE=",
      "requires": {
        "lodash": "4.16.6",
        "traverse": "0.6.6"
      }
    },
    "lodash": {
      "version": "4.16.6",
      "resolved": "https://registry.npmjs.org/lodash/-/lodash-4.16.6.tgz",
      "integrity": "sha1-0iyaxmAojzhD4Wun0rXQbMon13c="
    },
    "minimist": {
      "version": "0.0.10",
      "resolved": "https://registry.npmjs.org/minimist/-/minimist-0.0.10.tgz",
      "integrity": "sha1-3j+YVD2/lggr5IrRoMfNqDYwHc8="
    },
    "optimist": {
      "version": "0.6.1",
      "resolved": "https://registry.npmjs.org/optimist/-/optimist-0.6.1.tgz",
      "integrity": "sha1-2j6nRob6IaGaERwybpDrFaAZZoY=",
      "requires": {
        "minimist": "0.0.10",
        "wordwrap": "0.0.3"
      }
    },
    "tableify": {
      "version": "1.1.0",
      "resolved": "https://registry.npmjs.org/tableify/-/tableify-1.1.0.tgz",
      "integrity": "sha1-X/ERI0CavCgdQOzb1BSJ0/MIWTY=",
      "requires": {
        "optimist": "0.6.1"
      }
    },
    "traverse": {
      "version": "0.6.6",
      "resolved": "https://registry.npmjs.org/traverse/-/traverse-0.6.6.tgz",
      "integrity": "sha1-y99WD9e5r2MlAv7UD5GMFX6pcTc="
    },
    "wordwrap": {
      "version": "0.0.3",
      "resolved": "https://registry.npmjs.org/wordwrap/-/wordwrap-0.0.3.tgz",
      "integrity": "sha1-o9XabNXAvAAI03I0u68b7WMFkQc="
    }
  }
}
